
Microsoft Visual Studio Solution File, Format Version 12.00
# Visual Studio Version 16
VisualStudioVersion = 16.0.29230.47
MinimumVisualStudioVersion = 10.0.40219.1
Project("{9A19103F-16F7-4668-BE54-9A1E7A4F7556}") = "DesignPatternsDotnetCore", "DesignPatternsDotnetCore\DesignPatternsDotnetCore.csproj", "{36B172A5-31A4-47F1-8AFF-5D8AF96CD385}"
EndProject
Project("{9A19103F-16F7-4668-BE54-9A1E7A4F7556}") = "AbstractFactory", "AbstractFactory\AbstractFactory.csproj", "{8D350D5A-C48F-491B-B9E7-1CFBA29B9BE3}"
EndProject
Project("{FAE04EC0-301F-11D3-BF4B-00C04F79EFBC}") = "Builder", "Builder\Builder.csproj", "{47902D87-0CF1-464C-B7A3-6E82B7E657F1}"
EndProject
Project("{FAE04EC0-301F-11D3-BF4B-00C04F79EFBC}") = "Shared", "Shared\Shared.csproj", "{33F37C0C-E6EA-4E43-819F-EB9B93130A10}"
EndProject
Project("{FAE04EC0-301F-11D3-BF4B-00C04F79EFBC}") = "FactoryMethod", "FactoryMethod\FactoryMethod.csproj", "{E61541AA-8AA1-420D-B148-0C300783828C}"
EndProject
Project("{FAE04EC0-301F-11D3-BF4B-00C04F79EFBC}") = "Prototype", "Prototype\Prototype.csproj", "{70197CA5-ADD9-4018-B020-C9BF4DE69F86}"
EndProject
Project("{FAE04EC0-301F-11D3-BF4B-00C04F79EFBC}") = "Singleton", "Singleton\Singleton.csproj", "{C2663ACC-5348-4E7B-A6CF-12439D95D5E9}"
EndProject
Global
	GlobalSection(SolutionConfigurationPlatforms) = preSolution
		Debug|Any CPU = Debug|Any CPU
		Release|Any CPU = Release|Any CPU
	EndGlobalSection
	GlobalSection(ProjectConfigurationPlatforms) = postSolution
		{36B172A5-31A4-47F1-8AFF-5D8AF96CD385}.Debug|Any CPU.ActiveCfg = Debug|Any CPU
		{36B172A5-31A4-47F1-8AFF-5D8AF96CD385}.Debug|Any CPU.Build.0 = Debug|Any CPU
		{36B172A5-31A4-47F1-8AFF-5D8AF96CD385}.Release|Any CPU.ActiveCfg = Release|Any CPU
		{36B172A5-31A4-47F1-8AFF-5D8AF96CD385}.Release|Any CPU.Build.0 = Release|Any CPU
		{8D350D5A-C48F-491B-B9E7-1CFBA29B9BE3}.Debug|Any CPU.ActiveCfg = Debug|Any CPU
		{8D350D5A-C48F-491B-B9E7-1CFBA29B9BE3}.Debug|Any CPU.Build.0 = Debug|Any CPU
		{8D350D5A-C48F-491B-B9E7-1CFBA29B9BE3}.Release|Any CPU.ActiveCfg = Release|Any CPU
		{8D350D5A-C48F-491B-B9E7-1CFBA29B9BE3}.Release|Any CPU.Build.0 = Release|Any CPU
		{47902D87-0CF1-464C-B7A3-6E82B7E657F1}.Debug|Any CPU.ActiveCfg = Debug|Any CPU
		{47902D87-0CF1-464C-B7A3-6E82B7E657F1}.Debug|Any CPU.Build.0 = Debug|Any CPU
		{47902D87-0CF1-464C-B7A3-6E82B7E657F1}.Release|Any CPU.ActiveCfg = Release|Any CPU
		{47902D87-0CF1-464C-B7A3-6E82B7E657F1}.Release|Any CPU.Build.0 = Release|Any CPU
		{33F37C0C-E6EA-4E43-819F-EB9B93130A10}.Debug|Any CPU.ActiveCfg = Debug|Any CPU
		{33F37C0C-E6EA-4E43-819F-EB9B93130A10}.Debug|Any CPU.Build.0 = Debug|Any CPU
		{33F37C0C-E6EA-4E43-819F-EB9B93130A10}.Release|Any CPU.ActiveCfg = Release|Any CPU
		{33F37C0C-E6EA-4E43-819F-EB9B93130A10}.Release|Any CPU.Build.0 = Release|Any CPU
		{E61541AA-8AA1-420D-B148-0C300783828C}.Debug|Any CPU.ActiveCfg = Debug|Any CPU
		{E61541AA-8AA1-420D-B148-0C300783828C}.Debug|Any CPU.Build.0 = Debug|Any CPU
		{E61541AA-8AA1-420D-B148-0C300783828C}.Release|Any CPU.ActiveCfg = Release|Any CPU
		{E61541AA-8AA1-420D-B148-0C300783828C}.Release|Any CPU.Build.0 = Release|Any CPU
		{70197CA5-ADD9-4018-B020-C9BF4DE69F86}.Debug|Any CPU.ActiveCfg = Debug|Any CPU
		{70197CA5-ADD9-4018-B020-C9BF4DE69F86}.Debug|Any CPU.Build.0 = Debug|Any CPU
		{70197CA5-ADD9-4018-B020-C9BF4DE69F86}.Release|Any CPU.ActiveCfg = Release|Any CPU
		{70197CA5-ADD9-4018-B020-C9BF4DE69F86}.Release|Any CPU.Build.0 = Release|Any CPU
		{C2663ACC-5348-4E7B-A6CF-12439D95D5E9}.Debug|Any CPU.ActiveCfg = Debug|Any CPU
		{C2663ACC-5348-4E7B-A6CF-12439D95D5E9}.Debug|Any CPU.Build.0 = Debug|Any CPU
		{C2663ACC-5348-4E7B-A6CF-12439D95D5E9}.Release|Any CPU.ActiveCfg = Release|Any CPU
		{C2663ACC-5348-4E7B-A6CF-12439D95D5E9}.Release|Any CPU.Build.0 = Release|Any CPU
	EndGlobalSection
	GlobalSection(SolutionProperties) = preSolution
		HideSolutionNode = FALSE
	EndGlobalSection
	GlobalSection(ExtensibilityGlobals) = postSolution
		SolutionGuid = {86B43AF3-BFF8-4841-BDA3-35763315ABD0}
	EndGlobalSection
EndGlobal
